
Microsoft Visual Studio Solution File, Format Version 12.00
# Visual Studio Version 16
VisualStudioVersion = 16.0.31624.102
MinimumVisualStudioVersion = 10.0.40219.1
Project("{FAE04EC0-301F-11D3-BF4B-00C04F79EFBC}") = "ISMFirstConsoleProject", "ISMFirstConsoleProject\ISMFirstConsoleProject.csproj", "{A223AD05-3002-49BD-B487-1271EADEBDFC}"
EndProject
Global
	GlobalSection(SolutionConfigurationPlatforms) = preSolution
		Debug|Any CPU = Debug|Any CPU
		Release|Any CPU = Release|Any CPU
	EndGlobalSection
	GlobalSection(ProjectConfigurationPlatforms) = postSolution
		{A223AD05-3002-49BD-B487-1271EADEBDFC}.Debug|Any CPU.ActiveCfg = Debug|Any CPU
		{A223AD05-3002-49BD-B487-1271EADEBDFC}.Debug|Any CPU.Build.0 = Debug|Any CPU
		{A223AD05-3002-49BD-B487-1271EADEBDFC}.Release|Any CPU.ActiveCfg = Release|Any CPU
		{A223AD05-3002-49BD-B487-1271EADEBDFC}.Release|Any CPU.Build.0 = Release|Any CPU
	EndGlobalSection
	GlobalSection(SolutionProperties) = preSolution
		HideSolutionNode = FALSE
	EndGlobalSection
	GlobalSection(ExtensibilityGlobals) = postSolution
		SolutionGuid = {A71DBF38-52A4-4B9E-8F85-2E396D7E7916}
	EndGlobalSection
EndGlobal
